// !$*UTF8*$!
{
	archiveVersion = 1;
	classes = {
	};
	objectVersion = 50;
	objects = {

/* Begin PBXBuildFile section */
		9E0C931925BC80A3003C7888 /* SceneDelegate.swift in Sources */ = {isa = PBXBuildFile; fileRef = 9E0C931825BC80A3003C7888 /* SceneDelegate.swift */; };
		9E2A1AF625B89DD30060DE54 /* SpotMapViewController.swift in Sources */ = {isa = PBXBuildFile; fileRef = 9E2A1AF525B89DD30060DE54 /* SpotMapViewController.swift */; };
		9E45269825B2BBA100A94CEC /* AppDelegate.swift in Sources */ = {isa = PBXBuildFile; fileRef = 9E45269725B2BBA100A94CEC /* AppDelegate.swift */; };
		9E45269C25B2BBA100A94CEC /* LoginViewController.swift in Sources */ = {isa = PBXBuildFile; fileRef = 9E45269B25B2BBA100A94CEC /* LoginViewController.swift */; };
		9E45269F25B2BBA100A94CEC /* Main.storyboard in Resources */ = {isa = PBXBuildFile; fileRef = 9E45269D25B2BBA100A94CEC /* Main.storyboard */; };
		9E4526A125B2BBA400A94CEC /* Assets.xcassets in Resources */ = {isa = PBXBuildFile; fileRef = 9E4526A025B2BBA400A94CEC /* Assets.xcassets */; };
		9E4526A425B2BBA400A94CEC /* LaunchScreen.storyboard in Resources */ = {isa = PBXBuildFile; fileRef = 9E4526A225B2BBA400A94CEC /* LaunchScreen.storyboard */; };
		9E4526B525B2C45A00A94CEC /* LoginButton.swift in Sources */ = {isa = PBXBuildFile; fileRef = 9E4526B425B2C45A00A94CEC /* LoginButton.swift */; };
		9E4526B925B2C59B00A94CEC /* LoginTextField.swift in Sources */ = {isa = PBXBuildFile; fileRef = 9E4526B825B2C59B00A94CEC /* LoginTextField.swift */; };
		9E4526BF25B3207600A94CEC /* UdacityClient.swift in Sources */ = {isa = PBXBuildFile; fileRef = 9E4526BE25B3207600A94CEC /* UdacityClient.swift */; };
		9E4526C425B3214200A94CEC /* SessionResponse.swift in Sources */ = {isa = PBXBuildFile; fileRef = 9E4526C325B3214200A94CEC /* SessionResponse.swift */; };
		9E4526C825B3217500A94CEC /* PostSession.swift in Sources */ = {isa = PBXBuildFile; fileRef = 9E4526C725B3217500A94CEC /* PostSession.swift */; };
		9E4526CB25B3272700A94CEC /* UdacityResponse.swift in Sources */ = {isa = PBXBuildFile; fileRef = 9E4526CA25B3272700A94CEC /* UdacityResponse.swift */; };
		9EE3968F25B741870063AA7D /* LocationListTableViewCell.swift in Sources */ = {isa = PBXBuildFile; fileRef = 9EE3968E25B741870063AA7D /* LocationListTableViewCell.swift */; };
		9EE3969725B7450E0063AA7D /* InformationPostingViewController.swift in Sources */ = {isa = PBXBuildFile; fileRef = 9EE3969625B7450E0063AA7D /* InformationPostingViewController.swift */; };
		9EE3969D25B752D70063AA7D /* PostStudentLocation.swift in Sources */ = {isa = PBXBuildFile; fileRef = 9EE3969C25B752D70063AA7D /* PostStudentLocation.swift */; };
		9EE396A025B753BB0063AA7D /* AddStudentInformationResponse.swift in Sources */ = {isa = PBXBuildFile; fileRef = 9EE3969F25B753BB0063AA7D /* AddStudentInformationResponse.swift */; };
		9EEDAA1B25B43E3C0090D2BD /* StudentsLocationMapViewController.swift in Sources */ = {isa = PBXBuildFile; fileRef = 9EEDAA1A25B43E3C0090D2BD /* StudentsLocationMapViewController.swift */; };
		9EEDAA1E25B43E4D0090D2BD /* StudentsLocationListViewController.swift in Sources */ = {isa = PBXBuildFile; fileRef = 9EEDAA1D25B43E4D0090D2BD /* StudentsLocationListViewController.swift */; };
		9EEDAA2125B472040090D2BD /* StudentInformation.swift in Sources */ = {isa = PBXBuildFile; fileRef = 9EEDAA2025B472040090D2BD /* StudentInformation.swift */; };
		9EEDAA2525B476C00090D2BD /* InformationModel.swift in Sources */ = {isa = PBXBuildFile; fileRef = 9EEDAA2425B476C00090D2BD /* InformationModel.swift */; };
/* End PBXBuildFile section */

/* Begin PBXFileReference section */
		9E0C931825BC80A3003C7888 /* SceneDelegate.swift */ = {isa = PBXFileReference; fileEncoding = 4; lastKnownFileType = sourcecode.swift; path = SceneDelegate.swift; sourceTree = "<group>"; };
		9E2A1AF525B89DD30060DE54 /* SpotMapViewController.swift */ = {isa = PBXFileReference; lastKnownFileType = sourcecode.swift; path = SpotMapViewController.swift; sourceTree = "<group>"; };
		9E45269425B2BBA100A94CEC /* OnTheMap.app */ = {isa = PBXFileReference; explicitFileType = wrapper.application; includeInIndex = 0; path = OnTheMap.app; sourceTree = BUILT_PRODUCTS_DIR; };
		9E45269725B2BBA100A94CEC /* AppDelegate.swift */ = {isa = PBXFileReference; lastKnownFileType = sourcecode.swift; path = AppDelegate.swift; sourceTree = "<group>"; };
		9E45269B25B2BBA100A94CEC /* LoginViewController.swift */ = {isa = PBXFileReference; lastKnownFileType = sourcecode.swift; path = LoginViewController.swift; sourceTree = "<group>"; };
		9E45269E25B2BBA100A94CEC /* Base */ = {isa = PBXFileReference; lastKnownFileType = file.storyboard; name = Base; path = Base.lproj/Main.storyboard; sourceTree = "<group>"; };
		9E4526A025B2BBA400A94CEC /* Assets.xcassets */ = {isa = PBXFileReference; lastKnownFileType = folder.assetcatalog; path = Assets.xcassets; sourceTree = "<group>"; };
		9E4526A325B2BBA400A94CEC /* Base */ = {isa = PBXFileReference; lastKnownFileType = file.storyboard; name = Base; path = Base.lproj/LaunchScreen.storyboard; sourceTree = "<group>"; };
		9E4526A525B2BBA400A94CEC /* Info.plist */ = {isa = PBXFileReference; lastKnownFileType = text.plist.xml; path = Info.plist; sourceTree = "<group>"; };
		9E4526B425B2C45A00A94CEC /* LoginButton.swift */ = {isa = PBXFileReference; lastKnownFileType = sourcecode.swift; path = LoginButton.swift; sourceTree = "<group>"; };
		9E4526B825B2C59B00A94CEC /* LoginTextField.swift */ = {isa = PBXFileReference; lastKnownFileType = sourcecode.swift; path = LoginTextField.swift; sourceTree = "<group>"; };
		9E4526BE25B3207600A94CEC /* UdacityClient.swift */ = {isa = PBXFileReference; lastKnownFileType = sourcecode.swift; path = UdacityClient.swift; sourceTree = "<group>"; };
		9E4526C325B3214200A94CEC /* SessionResponse.swift */ = {isa = PBXFileReference; lastKnownFileType = sourcecode.swift; path = SessionResponse.swift; sourceTree = "<group>"; };
		9E4526C725B3217500A94CEC /* PostSession.swift */ = {isa = PBXFileReference; lastKnownFileType = sourcecode.swift; path = PostSession.swift; sourceTree = "<group>"; };
		9E4526CA25B3272700A94CEC /* UdacityResponse.swift */ = {isa = PBXFileReference; lastKnownFileType = sourcecode.swift; path = UdacityResponse.swift; sourceTree = "<group>"; };
		9EE3968E25B741870063AA7D /* LocationListTableViewCell.swift */ = {isa = PBXFileReference; lastKnownFileType = sourcecode.swift; path = LocationListTableViewCell.swift; sourceTree = "<group>"; };
		9EE3969625B7450E0063AA7D /* InformationPostingViewController.swift */ = {isa = PBXFileReference; lastKnownFileType = sourcecode.swift; path = InformationPostingViewController.swift; sourceTree = "<group>"; };
		9EE3969C25B752D70063AA7D /* PostStudentLocation.swift */ = {isa = PBXFileReference; lastKnownFileType = sourcecode.swift; path = PostStudentLocation.swift; sourceTree = "<group>"; };
		9EE3969F25B753BB0063AA7D /* AddStudentInformationResponse.swift */ = {isa = PBXFileReference; lastKnownFileType = sourcecode.swift; path = AddStudentInformationResponse.swift; sourceTree = "<group>"; };
		9EEDAA1A25B43E3C0090D2BD /* StudentsLocationMapViewController.swift */ = {isa = PBXFileReference; lastKnownFileType = sourcecode.swift; path = StudentsLocationMapViewController.swift; sourceTree = "<group>"; };
		9EEDAA1D25B43E4D0090D2BD /* StudentsLocationListViewController.swift */ = {isa = PBXFileReference; lastKnownFileType = sourcecode.swift; path = StudentsLocationListViewController.swift; sourceTree = "<group>"; };
		9EEDAA2025B472040090D2BD /* StudentInformation.swift */ = {isa = PBXFileReference; lastKnownFileType = sourcecode.swift; path = StudentInformation.swift; sourceTree = "<group>"; };
		9EEDAA2425B476C00090D2BD /* InformationModel.swift */ = {isa = PBXFileReference; lastKnownFileType = sourcecode.swift; path = InformationModel.swift; sourceTree = "<group>"; };
/* End PBXFileReference section */

/* Begin PBXFrameworksBuildPhase section */
		9E45269125B2BBA100A94CEC /* Frameworks */ = {
			isa = PBXFrameworksBuildPhase;
			buildActionMask = 2147483647;
			files = (
			);
			runOnlyForDeploymentPostprocessing = 0;
		};
/* End PBXFrameworksBuildPhase section */

/* Begin PBXGroup section */
		9E45268B25B2BBA100A94CEC = {
			isa = PBXGroup;
			children = (
				9E45269625B2BBA100A94CEC /* OnTheMap */,
				9E45269525B2BBA100A94CEC /* Products */,
			);
			sourceTree = "<group>";
		};
		9E45269525B2BBA100A94CEC /* Products */ = {
			isa = PBXGroup;
			children = (
				9E45269425B2BBA100A94CEC /* OnTheMap.app */,
			);
			name = Products;
			sourceTree = "<group>";
		};
		9E45269625B2BBA100A94CEC /* OnTheMap */ = {
			isa = PBXGroup;
			children = (
				9E45269725B2BBA100A94CEC /* AppDelegate.swift */,
				9E0C931825BC80A3003C7888 /* SceneDelegate.swift */,
				9E4526A525B2BBA400A94CEC /* Info.plist */,
				9E4526B025B2C33E00A94CEC /* Model */,
				9E4526B325B2C36D00A94CEC /* View */,
				9E4526B125B2C35100A94CEC /* Controller */,
				9E4526AF25B2C32600A94CEC /* Assets */,
			);
			path = OnTheMap;
			sourceTree = "<group>";
		};
		9E4526AF25B2C32600A94CEC /* Assets */ = {
			isa = PBXGroup;
			children = (
				9E45269D25B2BBA100A94CEC /* Main.storyboard */,
				9E4526A025B2BBA400A94CEC /* Assets.xcassets */,
				9E4526A225B2BBA400A94CEC /* LaunchScreen.storyboard */,
			);
			path = Assets;
			sourceTree = "<group>";
		};
		9E4526B025B2C33E00A94CEC /* Model */ = {
			isa = PBXGroup;
			children = (
				9EEDAA2325B476710090D2BD /* Data */,
				9E4526C225B3213100A94CEC /* Response */,
				9E4526C125B3212900A94CEC /* Request */,
				9E4526BC25B2CA9300A94CEC /* Client */,
			);
			path = Model;
			sourceTree = "<group>";
		};
		9E4526B125B2C35100A94CEC /* Controller */ = {
			isa = PBXGroup;
			children = (
				9EE3969425B742520063AA7D /* Cell */,
				9E45269B25B2BBA100A94CEC /* LoginViewController.swift */,
				9EEDAA1A25B43E3C0090D2BD /* StudentsLocationMapViewController.swift */,
				9EEDAA1D25B43E4D0090D2BD /* StudentsLocationListViewController.swift */,
				9EE3969625B7450E0063AA7D /* InformationPostingViewController.swift */,
				9E2A1AF525B89DD30060DE54 /* SpotMapViewController.swift */,
			);
			path = Controller;
			sourceTree = "<group>";
		};
		9E4526B325B2C36D00A94CEC /* View */ = {
			isa = PBXGroup;
			children = (
				9E4526B425B2C45A00A94CEC /* LoginButton.swift */,
				9E4526B825B2C59B00A94CEC /* LoginTextField.swift */,
			);
			path = View;
			sourceTree = "<group>";
		};
		9E4526BC25B2CA9300A94CEC /* Client */ = {
			isa = PBXGroup;
			children = (
				9E4526BE25B3207600A94CEC /* UdacityClient.swift */,
			);
			path = Client;
			sourceTree = "<group>";
		};
		9E4526C125B3212900A94CEC /* Request */ = {
			isa = PBXGroup;
			children = (
				9E4526C725B3217500A94CEC /* PostSession.swift */,
				9EE3969C25B752D70063AA7D /* PostStudentLocation.swift */,
			);
			path = Request;
			sourceTree = "<group>";
		};
		9E4526C225B3213100A94CEC /* Response */ = {
			isa = PBXGroup;
			children = (
				9E4526C325B3214200A94CEC /* SessionResponse.swift */,
				9E4526CA25B3272700A94CEC /* UdacityResponse.swift */,
				9EEDAA2025B472040090D2BD /* StudentInformation.swift */,
				9EE3969F25B753BB0063AA7D /* AddStudentInformationResponse.swift */,
			);
			path = Response;
			sourceTree = "<group>";
		};
		9EE3969425B742520063AA7D /* Cell */ = {
			isa = PBXGroup;
			children = (
				9EE3968E25B741870063AA7D /* LocationListTableViewCell.swift */,
			);
			path = Cell;
			sourceTree = "<group>";
		};
		9EEDAA2325B476710090D2BD /* Data */ = {
			isa = PBXGroup;
			children = (
				9EEDAA2425B476C00090D2BD /* InformationModel.swift */,
			);
			path = Data;
			sourceTree = "<group>";
		};
/* End PBXGroup section */

/* Begin PBXNativeTarget section */
		9E45269325B2BBA100A94CEC /* OnTheMap */ = {
			isa = PBXNativeTarget;
			buildConfigurationList = 9E4526A825B2BBA400A94CEC /* Build configuration list for PBXNativeTarget "OnTheMap" */;
			buildPhases = (
				9E45269025B2BBA100A94CEC /* Sources */,
				9E45269125B2BBA100A94CEC /* Frameworks */,
				9E45269225B2BBA100A94CEC /* Resources */,
			);
			buildRules = (
			);
			dependencies = (
			);
			name = OnTheMap;
			productName = OnTheMap;
			productReference = 9E45269425B2BBA100A94CEC /* OnTheMap.app */;
			productType = "com.apple.product-type.application";
		};
/* End PBXNativeTarget section */

/* Begin PBXProject section */
		9E45268C25B2BBA100A94CEC /* Project object */ = {
			isa = PBXProject;
			attributes = {
				LastSwiftUpdateCheck = 1220;
				LastUpgradeCheck = 1220;
				TargetAttributes = {
					9E45269325B2BBA100A94CEC = {
						CreatedOnToolsVersion = 12.2;
					};
				};
			};
			buildConfigurationList = 9E45268F25B2BBA100A94CEC /* Build configuration list for PBXProject "OnTheMap" */;
			compatibilityVersion = "Xcode 9.3";
			developmentRegion = en;
			hasScannedForEncodings = 0;
			knownRegions = (
				en,
				Base,
			);
			mainGroup = 9E45268B25B2BBA100A94CEC;
			productRefGroup = 9E45269525B2BBA100A94CEC /* Products */;
			projectDirPath = "";
			projectRoot = "";
			targets = (
				9E45269325B2BBA100A94CEC /* OnTheMap */,
			);
		};
/* End PBXProject section */

/* Begin PBXResourcesBuildPhase section */
		9E45269225B2BBA100A94CEC /* Resources */ = {
			isa = PBXResourcesBuildPhase;
			buildActionMask = 2147483647;
			files = (
				9E4526A425B2BBA400A94CEC /* LaunchScreen.storyboard in Resources */,
				9E4526A125B2BBA400A94CEC /* Assets.xcassets in Resources */,
				9E45269F25B2BBA100A94CEC /* Main.storyboard in Resources */,
			);
			runOnlyForDeploymentPostprocessing = 0;
		};
/* End PBXResourcesBuildPhase section */

/* Begin PBXSourcesBuildPhase section */
		9E45269025B2BBA100A94CEC /* Sources */ = {
			isa = PBXSourcesBuildPhase;
			buildActionMask = 2147483647;
			files = (
				9EEDAA2125B472040090D2BD /* StudentInformation.swift in Sources */,
				9E45269C25B2BBA100A94CEC /* LoginViewController.swift in Sources */,
				9EEDAA2525B476C00090D2BD /* InformationModel.swift in Sources */,
				9EE3969D25B752D70063AA7D /* PostStudentLocation.swift in Sources */,
				9EEDAA1E25B43E4D0090D2BD /* StudentsLocationListViewController.swift in Sources */,
				9EE3968F25B741870063AA7D /* LocationListTableViewCell.swift in Sources */,
				9EE396A025B753BB0063AA7D /* AddStudentInformationResponse.swift in Sources */,
				9E2A1AF625B89DD30060DE54 /* SpotMapViewController.swift in Sources */,
				9E4526B525B2C45A00A94CEC /* LoginButton.swift in Sources */,
				9E4526BF25B3207600A94CEC /* UdacityClient.swift in Sources */,
				9E4526C425B3214200A94CEC /* SessionResponse.swift in Sources */,
				9E0C931925BC80A3003C7888 /* SceneDelegate.swift in Sources */,
				9E4526CB25B3272700A94CEC /* UdacityResponse.swift in Sources */,
				9EE3969725B7450E0063AA7D /* InformationPostingViewController.swift in Sources */,
				9E45269825B2BBA100A94CEC /* AppDelegate.swift in Sources */,
				9E4526C825B3217500A94CEC /* PostSession.swift in Sources */,
				9EEDAA1B25B43E3C0090D2BD /* StudentsLocationMapViewController.swift in Sources */,
				9E4526B925B2C59B00A94CEC /* LoginTextField.swift in Sources */,
			);
			runOnlyForDeploymentPostprocessing = 0;
		};
/* End PBXSourcesBuildPhase section */

/* Begin PBXVariantGroup section */
		9E45269D25B2BBA100A94CEC /* Main.storyboard */ = {
			isa = PBXVariantGroup;
			children = (
				9E45269E25B2BBA100A94CEC /* Base */,
			);
			name = Main.storyboard;
			sourceTree = "<group>";
		};
		9E4526A225B2BBA400A94CEC /* LaunchScreen.storyboard */ = {
			isa = PBXVariantGroup;
			children = (
				9E4526A325B2BBA400A94CEC /* Base */,
			);
			name = LaunchScreen.storyboard;
			sourceTree = "<group>";
		};
/* End PBXVariantGroup section */

/* Begin XCBuildConfiguration section */
		9E4526A625B2BBA400A94CEC /* Debug */ = {
			isa = XCBuildConfiguration;
			buildSettings = {
				ALWAYS_SEARCH_USER_PATHS = NO;
				CLANG_ANALYZER_NONNULL = YES;
				CLANG_ANALYZER_NUMBER_OBJECT_CONVERSION = YES_AGGRESSIVE;
				CLANG_CXX_LANGUAGE_STANDARD = "gnu++14";
				CLANG_CXX_LIBRARY = "libc++";
				CLANG_ENABLE_MODULES = YES;
				CLANG_ENABLE_OBJC_ARC = YES;
				CLANG_ENABLE_OBJC_WEAK = YES;
				CLANG_WARN_BLOCK_CAPTURE_AUTORELEASING = YES;
				CLANG_WARN_BOOL_CONVERSION = YES;
				CLANG_WARN_COMMA = YES;
				CLANG_WARN_CONSTANT_CONVERSION = YES;
				CLANG_WARN_DEPRECATED_OBJC_IMPLEMENTATIONS = YES;
				CLANG_WARN_DIRECT_OBJC_ISA_USAGE = YES_ERROR;
				CLANG_WARN_DOCUMENTATION_COMMENTS = YES;
				CLANG_WARN_EMPTY_BODY = YES;
				CLANG_WARN_ENUM_CONVERSION = YES;
				CLANG_WARN_INFINITE_RECURSION = YES;
				CLANG_WARN_INT_CONVERSION = YES;
				CLANG_WARN_NON_LITERAL_NULL_CONVERSION = YES;
				CLANG_WARN_OBJC_IMPLICIT_RETAIN_SELF = YES;
				CLANG_WARN_OBJC_LITERAL_CONVERSION = YES;
				CLANG_WARN_OBJC_ROOT_CLASS = YES_ERROR;
				CLANG_WARN_QUOTED_INCLUDE_IN_FRAMEWORK_HEADER = YES;
				CLANG_WARN_RANGE_LOOP_ANALYSIS = YES;
				CLANG_WARN_STRICT_PROTOTYPES = YES;
				CLANG_WARN_SUSPICIOUS_MOVE = YES;
				CLANG_WARN_UNGUARDED_AVAILABILITY = YES_AGGRESSIVE;
				CLANG_WARN_UNREACHABLE_CODE = YES;
				CLANG_WARN__DUPLICATE_METHOD_MATCH = YES;
				COPY_PHASE_STRIP = NO;
				DEBUG_INFORMATION_FORMAT = dwarf;
				ENABLE_STRICT_OBJC_MSGSEND = YES;
				ENABLE_TESTABILITY = YES;
				GCC_C_LANGUAGE_STANDARD = gnu11;
				GCC_DYNAMIC_NO_PIC = NO;
				GCC_NO_COMMON_BLOCKS = YES;
				GCC_OPTIMIZATION_LEVEL = 0;
				GCC_PREPROCESSOR_DEFINITIONS = (
					"DEBUG=1",
					"$(inherited)",
				);
				GCC_WARN_64_TO_32_BIT_CONVERSION = YES;
				GCC_WARN_ABOUT_RETURN_TYPE = YES_ERROR;
				GCC_WARN_UNDECLARED_SELECTOR = YES;
				GCC_WARN_UNINITIALIZED_AUTOS = YES_AGGRESSIVE;
				GCC_WARN_UNUSED_FUNCTION = YES;
				GCC_WARN_UNUSED_VARIABLE = YES;
				IPHONEOS_DEPLOYMENT_TARGET = 14.2;
				MTL_ENABLE_DEBUG_INFO = INCLUDE_SOURCE;
				MTL_FAST_MATH = YES;
				ONLY_ACTIVE_ARCH = YES;
				SDKROOT = iphoneos;
				SWIFT_ACTIVE_COMPILATION_CONDITIONS = DEBUG;
				SWIFT_OPTIMIZATION_LEVEL = "-Onone";
			};
			name = Debug;
		};
		9E4526A725B2BBA400A94CEC /* Release */ = {
			isa = XCBuildConfiguration;
			buildSettings = {
				ALWAYS_SEARCH_USER_PATHS = NO;
				CLANG_ANALYZER_NONNULL = YES;
				CLANG_ANALYZER_NUMBER_OBJECT_CONVERSION = YES_AGGRESSIVE;
				CLANG_CXX_LANGUAGE_STANDARD = "gnu++14";
				CLANG_CXX_LIBRARY = "libc++";
				CLANG_ENABLE_MODULES = YES;
				CLANG_ENABLE_OBJC_ARC = YES;
				CLANG_ENABLE_OBJC_WEAK = YES;
				CLANG_WARN_BLOCK_CAPTURE_AUTORELEASING = YES;
				CLANG_WARN_BOOL_CONVERSION = YES;
				CLANG_WARN_COMMA = YES;
				CLANG_WARN_CONSTANT_CONVERSION = YES;
				CLANG_WARN_DEPRECATED_OBJC_IMPLEMENTATIONS = YES;
				CLANG_WARN_DIRECT_OBJC_ISA_USAGE = YES_ERROR;
				CLANG_WARN_DOCUMENTATION_COMMENTS = YES;
				CLANG_WARN_EMPTY_BODY = YES;
				CLANG_WARN_ENUM_CONVERSION = YES;
				CLANG_WARN_INFINITE_RECURSION = YES;
				CLANG_WARN_INT_CONVERSION = YES;
				CLANG_WARN_NON_LITERAL_NULL_CONVERSION = YES;
				CLANG_WARN_OBJC_IMPLICIT_RETAIN_SELF = YES;
				CLANG_WARN_OBJC_LITERAL_CONVERSION = YES;
				CLANG_WARN_OBJC_ROOT_CLASS = YES_ERROR;
				CLANG_WARN_QUOTED_INCLUDE_IN_FRAMEWORK_HEADER = YES;
				CLANG_WARN_RANGE_LOOP_ANALYSIS = YES;
				CLANG_WARN_STRICT_PROTOTYPES = YES;
				CLANG_WARN_SUSPICIOUS_MOVE = YES;
				CLANG_WARN_UNGUARDED_AVAILABILITY = YES_AGGRESSIVE;
				CLANG_WARN_UNREACHABLE_CODE = YES;
				CLANG_WARN__DUPLICATE_METHOD_MATCH = YES;
				COPY_PHASE_STRIP = NO;
				DEBUG_INFORMATION_FORMAT = "dwarf-with-dsym";
				ENABLE_NS_ASSERTIONS = NO;
				ENABLE_STRICT_OBJC_MSGSEND = YES;
				GCC_C_LANGUAGE_STANDARD = gnu11;
				GCC_NO_COMMON_BLOCKS = YES;
				GCC_WARN_64_TO_32_BIT_CONVERSION = YES;
				GCC_WARN_ABOUT_RETURN_TYPE = YES_ERROR;
				GCC_WARN_UNDECLARED_SELECTOR = YES;
				GCC_WARN_UNINITIALIZED_AUTOS = YES_AGGRESSIVE;
				GCC_WARN_UNUSED_FUNCTION = YES;
				GCC_WARN_UNUSED_VARIABLE = YES;
				IPHONEOS_DEPLOYMENT_TARGET = 14.2;
				MTL_ENABLE_DEBUG_INFO = NO;
				MTL_FAST_MATH = YES;
				SDKROOT = iphoneos;
				SWIFT_COMPILATION_MODE = wholemodule;
				SWIFT_OPTIMIZATION_LEVEL = "-O";
				VALIDATE_PRODUCT = YES;
			};
			name = Release;
		};
		9E4526A925B2BBA400A94CEC /* Debug */ = {
			isa = XCBuildConfiguration;
			buildSettings = {
				ASSETCATALOG_COMPILER_APPICON_NAME = AppIcon;
				ASSETCATALOG_COMPILER_GLOBAL_ACCENT_COLOR_NAME = AccentColor;
				CODE_SIGN_STYLE = Automatic;
				DEVELOPMENT_TEAM = V7SVWD59T3;
				INFOPLIST_FILE = OnTheMap/Info.plist;
				IPHONEOS_DEPLOYMENT_TARGET = 14.2;
				LD_RUNPATH_SEARCH_PATHS = (
					"$(inherited)",
					"@executable_path/Frameworks",
				);
				PRODUCT_BUNDLE_IDENTIFIER = com.nangsaw.OnTheMap;
				PRODUCT_NAME = "$(TARGET_NAME)";
				SWIFT_VERSION = 5.0;
				TARGETED_DEVICE_FAMILY = "1,2";
			};
			name = Debug;
		};
		9E4526AA25B2BBA400A94CEC /* Release */ = {
			isa = XCBuildConfiguration;
			buildSettings = {
				ASSETCATALOG_COMPILER_APPICON_NAME = AppIcon;
				ASSETCATALOG_COMPILER_GLOBAL_ACCENT_COLOR_NAME = AccentColor;
				CODE_SIGN_STYLE = Automatic;
				DEVELOPMENT_TEAM = V7SVWD59T3;
				INFOPLIST_FILE = OnTheMap/Info.plist;
				IPHONEOS_DEPLOYMENT_TARGET = 14.2;
				LD_RUNPATH_SEARCH_PATHS = (
					"$(inherited)",
					"@executable_path/Frameworks",
				);
				PRODUCT_BUNDLE_IDENTIFIER = com.nangsaw.OnTheMap;
				PRODUCT_NAME = "$(TARGET_NAME)";
				SWIFT_VERSION = 5.0;
				TARGETED_DEVICE_FAMILY = "1,2";
			};
			name = Release;
		};
/* End XCBuildConfiguration section */

/* Begin XCConfigurationList section */
		9E45268F25B2BBA100A94CEC /* Build configuration list for PBXProject "OnTheMap" */ = {
			isa = XCConfigurationList;
			buildConfigurations = (
				9E4526A625B2BBA400A94CEC /* Debug */,
				9E4526A725B2BBA400A94CEC /* Release */,
			);
			defaultConfigurationIsVisible = 0;
			defaultConfigurationName = Release;
		};
		9E4526A825B2BBA400A94CEC /* Build configuration list for PBXNativeTarget "OnTheMap" */ = {
			isa = XCConfigurationList;
			buildConfigurations = (
				9E4526A925B2BBA400A94CEC /* Debug */,
				9E4526AA25B2BBA400A94CEC /* Release */,
			);
			defaultConfigurationIsVisible = 0;
			defaultConfigurationName = Release;
		};
/* End XCConfigurationList section */
	};
	rootObject = 9E45268C25B2BBA100A94CEC /* Project object */;
}
